dependencies:
- name: helm-product
  repository: oci://ghcr.io/onecx/charts
  version: 0.4.0
- name: onecx-ai-provider-svc
  repository: oci://ghcr.io/onecx/charts
  version: 0.0.0-rc.27
- name: onecx-ai-provider-bff
  repository: oci://ghcr.io/onecx/charts
  version: 0.0.0-rc.26
- name: onecx-ai-provider-ui
  repository: oci://ghcr.io/onecx/charts
  version: 0.0.0-rc.8
digest: sha256:b8775a1ac51ab0067964e6c0d72b66127be16c6adc379e51049c9440816dc42f
generated: "2026-05-19T05:32:05.478556552Z"
