dependencies:
- name: helm-product
  repository: oci://ghcr.io/onecx/charts
  version: 0.4.0
- name: onecx-ai-provider-svc
  repository: oci://ghcr.io/onecx/charts
  version: 0.0.0-rc.10
- name: onecx-ai-provider-bff
  repository: oci://ghcr.io/onecx/charts
  version: 0.0.0-rc.10
- name: onecx-ai-provider-ui
  repository: oci://ghcr.io/onecx/charts
  version: 0.0.0-rc.8
digest: sha256:e880bc24af52b5a67c5a4b553a932d8fed27c60b20aa4213ae8f0454aafc684b
generated: "2026-03-13T20:36:26.38703831Z"
