dependencies:
- name: helm-product
  repository: oci://ghcr.io/onecx/charts
  version: 0.4.0
- name: onecx-ai-provider-svc
  repository: oci://ghcr.io/onecx/charts
  version: 0.0.0-rc.57
- name: onecx-ai-provider-bff
  repository: oci://ghcr.io/onecx/charts
  version: 0.0.0-rc.49
- name: onecx-ai-provider-runtime
  repository: oci://ghcr.io/onecx/charts
  version: 0.1.0
- name: onecx-ai-provider-ui
  repository: oci://ghcr.io/onecx/charts
  version: 0.0.0-rc.59
digest: sha256:021acf90ec8974870d0be7c85a467e018fbabd640e00bbc245e7d723cf7b7f2a
generated: "2026-09-17T09:23:50.158225916Z"
